<?xml version="1.0" encoding="utf-8"?>
<Project ToolsVersion="4.0" xmlns="http://schemas.microsoft.com/developer/msbuild/2003">
  <ItemGroup>
    <Filter Include="Source Files">
      <UniqueIdentifier>{4FC737F1-C7A5-4376-A066-2A32D752A2FF}</UniqueIdentifier>
      <Extensions>cpp;c;cc;cxx;c++;cppm;ixx;def;odl;idl;hpj;bat;asm;asmx</Extensions>
    </Filter>
    <Filter Include="Header Files">
      <UniqueIdentifier>{93995380-89BD-4b04-88EB-625FBE52EBFB}</UniqueIdentifier>
      <Extensions>h;hh;hpp;hxx;h++;hm;inl;inc;ipp;xsd</Extensions>
    </Filter>
    <Filter Include="Resource Files">
      <UniqueIdentifier>{67DA6AB6-F800-4c08-8B7A-83BB121AAD01}</UniqueIdentifier>
      <Extensions>rc;ico;cur;bmp;dlg;rc2;rct;bin;rgs;gif;jpg;jpeg;jpe;resx;tiff;tif;png;wav;mfcribbon-ms</Extensions>
    </Filter>
  </ItemGroup>
  <ItemGroup>
    <ClInclude Include="source\Data\Meshes.h">
      <Filter>Header Files</Filter>
    </ClInclude>
    <ClInclude Include="source\Data\Textures.h">
      <Filter>Header Files</Filter>
    </ClInclude>
    <ClInclude Include="source\Data\Entities.h">
      <Filter>Header Files</Filter>
    </ClInclude>
    <ClInclude Include="source\GUI\GUI.h">
      <Filter>Header Files</Filter>
    </ClInclude>
    <ClInclude Include="source\Input\Input.h">
      <Filter>Header Files</Filter>
    </ClInclude>
    <ClInclude Include="source\View\Light.h">
      <Filter>Header Files</Filter>
    </ClInclude>
    <ClInclude Include="source\Logging\Logging.h">
      <Filter>Header Files</Filter>
    </ClInclude>
    <ClInclude Include="source\Render\Render.h">
      <Filter>Header Files</Filter>
    </ClInclude>
    <ClInclude Include="source\Scripting\Script.h">
      <Filter>Header Files</Filter>
    </ClInclude>
    <ClInclude Include="source\Scripting\JavaHandler.h">
      <Filter>Header Files</Filter>
    </ClInclude>
    <ClInclude Include="source\Scripting\Scripting.h">
      <Filter>Header Files</Filter>
    </ClInclude>
    <ClInclude Include="source\View\Background.h">
      <Filter>Header Files</Filter>
    </ClInclude>
    <ClInclude Include="source\Input\Picking.h">
      <Filter>Header Files</Filter>
    </ClInclude>
    <ClInclude Include="source\Input\Gizmo.h">
      <Filter>Header Files</Filter>
    </ClInclude>
    <ClInclude Include="source\Stage\Stage.h">
      <Filter>Header Files</Filter>
    </ClInclude>
    <ClInclude Include="source\Data\Named.h">
      <Filter>Header Files</Filter>
    </ClInclude>
    <ClInclude Include="source\Data\Skyboxes.h">
      <Filter>Header Files</Filter>
    </ClInclude>
    <ClInclude Include="source\Physics\Physics.h">
      <Filter>Header Files</Filter>
    </ClInclude>
    <ClInclude Include="source\Physics\Collider.h">
      <Filter>Header Files</Filter>
    </ClInclude>
    <ClInclude Include="source\Utility\Utility.h">
      <Filter>Header Files</Filter>
    </ClInclude>
    <ClInclude Include="source\Data\Cameras.h">
      <Filter>Header Files</Filter>
    </ClInclude>
  </ItemGroup>
  <ItemGroup>
    <ClCompile Include="source\Data\Entities.cpp">
      <Filter>Source Files</Filter>
    </ClCompile>
    <ClCompile Include="source\GUI\GUI.cpp">
      <Filter>Source Files</Filter>
    </ClCompile>
    <ClCompile Include="source\GUI\GUIExplorer.cpp">
      <Filter>Source Files</Filter>
    </ClCompile>
    <ClCompile Include="source\GUI\GUILog.cpp">
      <Filter>Source Files</Filter>
    </ClCompile>
    <ClCompile Include="source\GUI\GUIMainMenu.cpp">
      <Filter>Source Files</Filter>
    </ClCompile>
    <ClCompile Include="source\GUI\GUIPerformance.cpp">
      <Filter>Source Files</Filter>
    </ClCompile>
    <ClCompile Include="source\GUI\GUIProperties.cpp">
      <Filter>Source Files</Filter>
    </ClCompile>
    <ClCompile Include="source\GUI\GUIScene.cpp">
      <Filter>Source Files</Filter>
    </ClCompile>
    <ClCompile Include="source\GUI\GUIViewport.cpp">
      <Filter>Source Files</Filter>
    </ClCompile>
    <ClCompile Include="source\Input\InputCamera.cpp">
      <Filter>Source Files</Filter>
    </ClCompile>
    <ClCompile Include="source\Input\InputGizmo.cpp">
      <Filter>Source Files</Filter>
    </ClCompile>
    <ClCompile Include="source\Input\InputLMB.cpp">
      <Filter>Source Files</Filter>
    </ClCompile>
    <ClCompile Include="source\Input\Input.cpp">
      <Filter>Source Files</Filter>
    </ClCompile>
    <ClCompile Include="source\Logging\Logging.cpp">
      <Filter>Source Files</Filter>
    </ClCompile>
    <ClCompile Include="source\Render\RenderEntity.cpp">
      <Filter>Source Files</Filter>
    </ClCompile>
    <ClCompile Include="source\Render\RenderGizmo.cpp">
      <Filter>Source Files</Filter>
    </ClCompile>
    <ClCompile Include="source\Render\RenderOutline.cpp">
      <Filter>Source Files</Filter>
    </ClCompile>
    <ClCompile Include="source\Render\RenderShadows.cpp">
      <Filter>Source Files</Filter>
    </ClCompile>
    <ClCompile Include="source\Scripting\Script.cpp">
      <Filter>Source Files</Filter>
    </ClCompile>
    <ClCompile Include="source\Scripting\JavaHandler.cpp">
      <Filter>Source Files</Filter>
    </ClCompile>
    <ClCompile Include="source\Scripting\Scripting.cpp">
      <Filter>Source Files</Filter>
    </ClCompile>
    <ClCompile Include="source\Engine.cpp">
      <Filter>Source Files</Filter>
    </ClCompile>
    <ClCompile Include="source\Render\RenderGUI.cpp">
      <Filter>Source Files</Filter>
    </ClCompile>
    <ClCompile Include="source\Stage\StageEnd.cpp">
      <Filter>Source Files</Filter>
    </ClCompile>
    <ClCompile Include="source\Stage\StageResize.cpp">
      <Filter>Source Files</Filter>
    </ClCompile>
    <ClCompile Include="source\Stage\StageStart.cpp">
      <Filter>Source Files</Filter>
    </ClCompile>
    <ClCompile Include="source\Stage\StageUpdate.cpp">
      <Filter>Source Files</Filter>
    </ClCompile>
    <ClCompile Include="source\Data\Textures.cpp">
      <Filter>Source Files</Filter>
    </ClCompile>
    <ClCompile Include="source\Data\Meshes.cpp">
      <Filter>Source Files</Filter>
    </ClCompile>
    <ClCompile Include="source\Data\Named.cpp">
      <Filter>Source Files</Filter>
    </ClCompile>
    <ClCompile Include="source\Input\Picking.cpp">
      <Filter>Source Files</Filter>
    </ClCompile>
    <ClCompile Include="source\Data\Skyboxes.cpp">
      <Filter>Source Files</Filter>
    </ClCompile>
    <ClCompile Include="source\Physics\Physics.cpp">
      <Filter>Source Files</Filter>
    </ClCompile>
    <ClCompile Include="source\Physics\Collider.cpp">
      <Filter>Source Files</Filter>
    </ClCompile>
    <ClCompile Include="source\Render\RenderCollider.cpp">
      <Filter>Source Files</Filter>
    </ClCompile>
    <ClCompile Include="source\Data\Cameras.cpp">
      <Filter>Source Files</Filter>
    </ClCompile>
  </ItemGroup>
</Project>