<?xml version="1.0" encoding="utf-8"?>
<Project ToolsVersion="4.0" xmlns="http://schemas.microsoft.com/developer/msbuild/2003">
  <ItemGroup>
    <Filter Include="Source Files">
      <UniqueIdentifier>{4FC737F1-C7A5-4376-A066-2A32D752A2FF}</UniqueIdentifier>
      <Extensions>cpp;c;cc;cxx;c++;cppm;ixx;def;odl;idl;hpj;bat;asm;asmx</Extensions>
    </Filter>
    <Filter Include="Header Files">
      <UniqueIdentifier>{93995380-89BD-4b04-88EB-625FBE52EBFB}</UniqueIdentifier>
      <Extensions>h;hh;hpp;hxx;h++;hm;inl;inc;ipp;xsd</Extensions>
    </Filter>
    <Filter Include="Resource Files">
      <UniqueIdentifier>{67DA6AB6-F800-4c08-8B7A-83BB121AAD01}</UniqueIdentifier>
      <Extensions>rc;ico;cur;bmp;dlg;rc2;rct;bin;rgs;gif;jpg;jpeg;jpe;resx;tiff;tif;png;wav;mfcribbon-ms</Extensions>
    </Filter>
  </ItemGroup>
  <ItemGroup>
    <ClInclude Include="source\Mesh\Mesh.h">
      <Filter>Header Files</Filter>
    </ClInclude>
    <ClInclude Include="source\Material\Texture.h">
      <Filter>Header Files</Filter>
    </ClInclude>
    <ClInclude Include="source\Logger\Logger.h">
      <Filter>Header Files</Filter>
    </ClInclude>
    <ClInclude Include="source\Named\Named.h">
      <Filter>Header Files</Filter>
    </ClInclude>
    <ClInclude Include="source\Skybox\Skybox.h">
      <Filter>Header Files</Filter>
    </ClInclude>
    <ClInclude Include="source\Physics\Physics.h">
      <Filter>Header Files</Filter>
    </ClInclude>
    <ClInclude Include="source\Physics\Collider.h">
      <Filter>Header Files</Filter>
    </ClInclude>
    <ClInclude Include="source\Camera\Camera.h">
      <Filter>Header Files</Filter>
    </ClInclude>
    <ClInclude Include="source\Light\Direct.h">
      <Filter>Header Files</Filter>
    </ClInclude>
    <ClInclude Include="source\Material\Material.h">
      <Filter>Header Files</Filter>
    </ClInclude>
    <ClInclude Include="source\GUI\GUIRenderable.h">
      <Filter>Header Files</Filter>
    </ClInclude>
    <ClInclude Include="source\Renderer\Renderable.h">
      <Filter>Header Files</Filter>
    </ClInclude>
    <ClInclude Include="source\Editor\Editor.h">
      <Filter>Header Files</Filter>
    </ClInclude>
    <ClInclude Include="source\Game\Game.h">
      <Filter>Header Files</Filter>
    </ClInclude>
    <ClInclude Include="source\Renderer\Renderer.h">
      <Filter>Header Files</Filter>
    </ClInclude>
    <ClInclude Include="source\GUI\GUIRenderer.h">
      <Filter>Header Files</Filter>
    </ClInclude>
    <ClInclude Include="source\Physics\Physical.h">
      <Filter>Header Files</Filter>
    </ClInclude>
    <ClInclude Include="source\Mesh\MeshComponent.h">
      <Filter>Header Files</Filter>
    </ClInclude>
    <ClInclude Include="source\Physics\PhysicsComponent.h">
      <Filter>Header Files</Filter>
    </ClInclude>
    <ClInclude Include="source\GUI\Section\Section.h">
      <Filter>Header Files</Filter>
    </ClInclude>
    <ClInclude Include="source\Material\MaterialComponent.h">
      <Filter>Header Files</Filter>
    </ClInclude>
    <ClInclude Include="source\Transform\Transform.h">
      <Filter>Header Files</Filter>
    </ClInclude>
    <ClInclude Include="source\Transform\TransformComponent.h">
      <Filter>Header Files</Filter>
    </ClInclude>
    <ClInclude Include="source\Entity\Entity.h">
      <Filter>Header Files</Filter>
    </ClInclude>
    <ClInclude Include="source\Scene\Scene.h">
      <Filter>Header Files</Filter>
    </ClInclude>
    <ClInclude Include="source\Scripter\ScriptComponent.h">
      <Filter>Header Files</Filter>
    </ClInclude>
    <ClInclude Include="source\Scripter\Scripter.h">
      <Filter>Header Files</Filter>
    </ClInclude>
    <ClInclude Include="source\Scripter\Script.h">
      <Filter>Header Files</Filter>
    </ClInclude>
    <ClInclude Include="source\Scripter\JavaHandler.h">
      <Filter>Header Files</Filter>
    </ClInclude>
    <ClInclude Include="source\Scripter\Scripting.h">
      <Filter>Header Files</Filter>
    </ClInclude>
    <ClInclude Include="source\Light\Ambient.h">
      <Filter>Header Files</Filter>
    </ClInclude>
  </ItemGroup>
  <ItemGroup>
    <ClCompile Include="source\Krimz.cpp">
      <Filter>Source Files</Filter>
    </ClCompile>
    <ClCompile Include="source\Material\Texture.cpp">
      <Filter>Source Files</Filter>
    </ClCompile>
    <ClCompile Include="source\Mesh\Mesh.cpp">
      <Filter>Source Files</Filter>
    </ClCompile>
    <ClCompile Include="source\Named\Named.cpp">
      <Filter>Source Files</Filter>
    </ClCompile>
    <ClCompile Include="source\Skybox\Skybox.cpp">
      <Filter>Source Files</Filter>
    </ClCompile>
    <ClCompile Include="source\Physics\Physics.cpp">
      <Filter>Source Files</Filter>
    </ClCompile>
    <ClCompile Include="source\Physics\Collider.cpp">
      <Filter>Source Files</Filter>
    </ClCompile>
    <ClCompile Include="source\Camera\Camera.cpp">
      <Filter>Source Files</Filter>
    </ClCompile>
    <ClCompile Include="source\Light\Direct.cpp">
      <Filter>Source Files</Filter>
    </ClCompile>
    <ClCompile Include="source\Material\Material.cpp">
      <Filter>Source Files</Filter>
    </ClCompile>
    <ClCompile Include="source\Editor\Editor.cpp">
      <Filter>Source Files</Filter>
    </ClCompile>
    <ClCompile Include="source\Game\Game.cpp">
      <Filter>Source Files</Filter>
    </ClCompile>
    <ClCompile Include="source\Renderer\Renderer.cpp">
      <Filter>Source Files</Filter>
    </ClCompile>
    <ClCompile Include="source\GUI\GUIRenderer.cpp">
      <Filter>Source Files</Filter>
    </ClCompile>
    <ClCompile Include="source\Entity\Entity.cpp">
      <Filter>Source Files</Filter>
    </ClCompile>
    <ClCompile Include="source\Scene\Scene.cpp">
      <Filter>Source Files</Filter>
    </ClCompile>
    <ClCompile Include="source\Material\MaterialComponent.cpp">
      <Filter>Source Files</Filter>
    </ClCompile>
    <ClCompile Include="source\Mesh\MeshComponent.cpp">
      <Filter>Source Files</Filter>
    </ClCompile>
    <ClCompile Include="source\Scripter\ScriptComponent.cpp">
      <Filter>Source Files</Filter>
    </ClCompile>
    <ClCompile Include="source\Scripter\Scripter.cpp">
      <Filter>Source Files</Filter>
    </ClCompile>
    <ClCompile Include="source\Scripter\Script.cpp">
      <Filter>Source Files</Filter>
    </ClCompile>
    <ClCompile Include="source\Scripter\JavaHandler.cpp">
      <Filter>Source Files</Filter>
    </ClCompile>
    <ClCompile Include="source\Scripter\Scripting.cpp">
      <Filter>Source Files</Filter>
    </ClCompile>
    <ClCompile Include="source\Transform\Transform.cpp">
      <Filter>Source Files</Filter>
    </ClCompile>
    <ClCompile Include="source\Transform\TransformComponent.cpp">
      <Filter>Source Files</Filter>
    </ClCompile>
    <ClCompile Include="source\Physics\PhysicsComponent.cpp">
      <Filter>Source Files</Filter>
    </ClCompile>
    <ClCompile Include="source\Physics\Physical.cpp">
      <Filter>Source Files</Filter>
    </ClCompile>
    <ClCompile Include="source\Light\Ambient.cpp">
      <Filter>Source Files</Filter>
    </ClCompile>
    <ClCompile Include="source\Logger\Logger.cpp">
      <Filter>Source Files</Filter>
    </ClCompile>
  </ItemGroup>
</Project>